// !$*UTF8*$!
{
	archiveVersion = 1;
	classes = {
	};
	objectVersion = 51;
	objects = {

/* Begin PBXBuildFile section */
		237D8F8F182F3072064848CF /* Pods_HotelTableViewWithAlamofire.framework in Frameworks */ = {isa = PBXBuildFile; fileRef = DB5F4E560AD4EB89A29E1C7E /* Pods_HotelTableViewWithAlamofire.framework */; };
		82A02110DFBE44CCBF602212 /* Pods_HotelTableViewWithAlamofireTests.framework in Frameworks */ = {isa = PBXBuildFile; fileRef = C4969DF5D4A9C253476061D2 /* Pods_HotelTableViewWithAlamofireTests.framework */; };
		9CF2D51857028824CCCFC04A /* Pods_HotelTableViewWithAlamofire_HotelTableViewWithAlamofireUITests.framework in Frameworks */ = {isa = PBXBuildFile; fileRef = CE7F97A166ED57E407DB9E30 /* Pods_HotelTableViewWithAlamofire_HotelTableViewWithAlamofireUITests.framework */; };
		D0026780249355BD0018F12D /* UIScrollView+TPKeyboardAvoidingAdditions.m in Sources */ = {isa = PBXBuildFile; fileRef = D0026779249355BD0018F12D /* UIScrollView+TPKeyboardAvoidingAdditions.m */; };
		D0026781249355BD0018F12D /* TPKeyboardAvoidingTableView.m in Sources */ = {isa = PBXBuildFile; fileRef = D002677A249355BD0018F12D /* TPKeyboardAvoidingTableView.m */; };
		D0026782249355BD0018F12D /* TPKeyboardAvoidingScrollView.m in Sources */ = {isa = PBXBuildFile; fileRef = D002677B249355BD0018F12D /* TPKeyboardAvoidingScrollView.m */; };
		D0026783249355BD0018F12D /* TPKeyboardAvoidingCollectionView.m in Sources */ = {isa = PBXBuildFile; fileRef = D002677D249355BD0018F12D /* TPKeyboardAvoidingCollectionView.m */; };
		D0B18A7024929612001E84CE /* LoginViewController.swift in Sources */ = {isa = PBXBuildFile; fileRef = D0B18A6F24929612001E84CE /* LoginViewController.swift */; };
		D0BAF4E82490B7E5001D6E93 /* AppDelegate.swift in Sources */ = {isa = PBXBuildFile; fileRef = D0BAF4E72490B7E5001D6E93 /* AppDelegate.swift */; };
		D0BAF4EA2490B7E5001D6E93 /* SceneDelegate.swift in Sources */ = {isa = PBXBuildFile; fileRef = D0BAF4E92490B7E5001D6E93 /* SceneDelegate.swift */; };
		D0BAF4EC2490B7E5001D6E93 /* ViewController.swift in Sources */ = {isa = PBXBuildFile; fileRef = D0BAF4EB2490B7E5001D6E93 /* ViewController.swift */; };
		D0BAF4EF2490B7E5001D6E93 /* Main.storyboard in Resources */ = {isa = PBXBuildFile; fileRef = D0BAF4ED2490B7E5001D6E93 /* Main.storyboard */; };
		D0BAF4F12490B7E6001D6E93 /* Assets.xcassets in Resources */ = {isa = PBXBuildFile; fileRef = D0BAF4F02490B7E6001D6E93 /* Assets.xcassets */; };
		D0BAF4F42490B7E6001D6E93 /* LaunchScreen.storyboard in Resources */ = {isa = PBXBuildFile; fileRef = D0BAF4F22490B7E6001D6E93 /* LaunchScreen.storyboard */; };
		D0BAF4FF2490B7E6001D6E93 /* HotelTableViewWithAlamofireTests.swift in Sources */ = {isa = PBXBuildFile; fileRef = D0BAF4FE2490B7E6001D6E93 /* HotelTableViewWithAlamofireTests.swift */; };
		D0BAF50A2490B7E6001D6E93 /* HotelTableViewWithAlamofireUITests.swift in Sources */ = {isa = PBXBuildFile; fileRef = D0BAF5092490B7E6001D6E93 /* HotelTableViewWithAlamofireUITests.swift */; };
		D0BAF5182490C245001D6E93 /* TableViewCell.swift in Sources */ = {isa = PBXBuildFile; fileRef = D0BAF5172490C245001D6E93 /* TableViewCell.swift */; };
		D0BAF51A2490C265001D6E93 /* Model.swift in Sources */ = {isa = PBXBuildFile; fileRef = D0BAF5192490C265001D6E93 /* Model.swift */; };
		D0BD168D249376CA00F73440 /* RegisterUserVC.swift in Sources */ = {isa = PBXBuildFile; fileRef = D0BD168C249376CA00F73440 /* RegisterUserVC.swift */; };
		D0EF23762491E49B0020CF42 /* ViewDetails.swift in Sources */ = {isa = PBXBuildFile; fileRef = D0EF23752491E49B0020CF42 /* ViewDetails.swift */; };
		D0EF23782492039A0020CF42 /* Map.swift in Sources */ = {isa = PBXBuildFile; fileRef = D0EF23772492039A0020CF42 /* Map.swift */; };
		D0EF23B8249242010020CF42 /* MapViewController.swift in Sources */ = {isa = PBXBuildFile; fileRef = D0EF23B7249242010020CF42 /* MapViewController.swift */; };
/* End PBXBuildFile section */

/* Begin PBXContainerItemProxy section */
		D0BAF4FB2490B7E6001D6E93 /* PBXContainerItemProxy */ = {
			isa = PBXContainerItemProxy;
			containerPortal = D0BAF4DC2490B7E5001D6E93 /* Project object */;
			proxyType = 1;
			remoteGlobalIDString = D0BAF4E32490B7E5001D6E93;
			remoteInfo = HotelTableViewWithAlamofire;
		};
		D0BAF5062490B7E6001D6E93 /* PBXContainerItemProxy */ = {
			isa = PBXContainerItemProxy;
			containerPortal = D0BAF4DC2490B7E5001D6E93 /* Project object */;
			proxyType = 1;
			remoteGlobalIDString = D0BAF4E32490B7E5001D6E93;
			remoteInfo = HotelTableViewWithAlamofire;
		};
/* End PBXContainerItemProxy section */

/* Begin PBXFileReference section */
		0FE8B0DE10276FFCA241CD4B /* Pods-HotelTableViewWithAlamofire.debug.xcconfig */ = {isa = PBXFileReference; includeInIndex = 1; lastKnownFileType = text.xcconfig; name = "Pods-HotelTableViewWithAlamofire.debug.xcconfig"; path = "Target Support Files/Pods-HotelTableViewWithAlamofire/Pods-HotelTableViewWithAlamofire.debug.xcconfig"; sourceTree = "<group>"; };
		403F01E12AEDAA9CFC7238D7 /* Pods-HotelTableViewWithAlamofireTests.release.xcconfig */ = {isa = PBXFileReference; includeInIndex = 1; lastKnownFileType = text.xcconfig; name = "Pods-HotelTableViewWithAlamofireTests.release.xcconfig"; path = "Target Support Files/Pods-HotelTableViewWithAlamofireTests/Pods-HotelTableViewWithAlamofireTests.release.xcconfig"; sourceTree = "<group>"; };
		4E15AA8943688DA5C75DDB30 /* Pods-HotelTableViewWithAlamofireTests.debug.xcconfig */ = {isa = PBXFileReference; includeInIndex = 1; lastKnownFileType = text.xcconfig; name = "Pods-HotelTableViewWithAlamofireTests.debug.xcconfig"; path = "Target Support Files/Pods-HotelTableViewWithAlamofireTests/Pods-HotelTableViewWithAlamofireTests.debug.xcconfig"; sourceTree = "<group>"; };
		846075807F4B284720B47735 /* Pods-HotelTableViewWithAlamofire-HotelTableViewWithAlamofireUITests.release.xcconfig */ = {isa = PBXFileReference; includeInIndex = 1; lastKnownFileType = text.xcconfig; name = "Pods-HotelTableViewWithAlamofire-HotelTableViewWithAlamofireUITests.release.xcconfig"; path = "Target Support Files/Pods-HotelTableViewWithAlamofire-HotelTableViewWithAlamofireUITests/Pods-HotelTableViewWithAlamofire-HotelTableViewWithAlamofireUITests.release.xcconfig"; sourceTree = "<group>"; };
		C4969DF5D4A9C253476061D2 /* Pods_HotelTableViewWithAlamofireTests.framework */ = {isa = PBXFileReference; explicitFileType = wrapper.framework; includeInIndex = 0; path = Pods_HotelTableViewWithAlamofireTests.framework; sourceTree = BUILT_PRODUCTS_DIR; };
		CE7F97A166ED57E407DB9E30 /* Pods_HotelTableViewWithAlamofire_HotelTableViewWithAlamofireUITests.framework */ = {isa = PBXFileReference; explicitFileType = wrapper.framework; includeInIndex = 0; path = Pods_HotelTableViewWithAlamofire_HotelTableViewWithAlamofireUITests.framework; sourceTree = BUILT_PRODUCTS_DIR; };
		D0026777249355BD0018F12D /* TPKeyboardAvoidingScrollView.h */ = {isa = PBXFileReference; fileEncoding = 4; lastKnownFileType = sourcecode.c.h; path = TPKeyboardAvoidingScrollView.h; sourceTree = "<group>"; };
		D0026778249355BD0018F12D /* TPKeyboardAvoidingCollectionView.h */ = {isa = PBXFileReference; fileEncoding = 4; lastKnownFileType = sourcecode.c.h; path = TPKeyboardAvoidingCollectionView.h; sourceTree = "<group>"; };
		D0026779249355BD0018F12D /* UIScrollView+TPKeyboardAvoidingAdditions.m */ = {isa = PBXFileReference; fileEncoding = 4; lastKnownFileType = sourcecode.c.objc; path = "UIScrollView+TPKeyboardAvoidingAdditions.m"; sourceTree = "<group>"; };
		D002677A249355BD0018F12D /* TPKeyboardAvoidingTableView.m */ = {isa = PBXFileReference; fileEncoding = 4; lastKnownFileType = sourcecode.c.objc; path = TPKeyboardAvoidingTableView.m; sourceTree = "<group>"; };
		D002677B249355BD0018F12D /* TPKeyboardAvoidingScrollView.m */ = {isa = PBXFileReference; fileEncoding = 4; lastKnownFileType = sourcecode.c.objc; path = TPKeyboardAvoidingScrollView.m; sourceTree = "<group>"; };
		D002677C249355BD0018F12D /* UIScrollView+TPKeyboardAvoidingAdditions.h */ = {isa = PBXFileReference; fileEncoding = 4; lastKnownFileType = sourcecode.c.h; path = "UIScrollView+TPKeyboardAvoidingAdditions.h"; sourceTree = "<group>"; };
		D002677D249355BD0018F12D /* TPKeyboardAvoidingCollectionView.m */ = {isa = PBXFileReference; fileEncoding = 4; lastKnownFileType = sourcecode.c.objc; path = TPKeyboardAvoidingCollectionView.m; sourceTree = "<group>"; };
		D002677E249355BD0018F12D /* TPKeyboardAvoidingTableView.h */ = {isa = PBXFileReference; fileEncoding = 4; lastKnownFileType = sourcecode.c.h; path = TPKeyboardAvoidingTableView.h; sourceTree = "<group>"; };
		D002677F249355BD0018F12D /* BarHopper-Bridging-Header.h */ = {isa = PBXFileReference; fileEncoding = 4; lastKnownFileType = sourcecode.c.h; path = "BarHopper-Bridging-Header.h"; sourceTree = "<group>"; };
		D0B18A6F24929612001E84CE /* LoginViewController.swift */ = {isa = PBXFileReference; lastKnownFileType = sourcecode.swift; path = LoginViewController.swift; sourceTree = "<group>"; };
		D0BAF4E42490B7E5001D6E93 /* HotelTableViewWithAlamofire.app */ = {isa = PBXFileReference; explicitFileType = wrapper.application; includeInIndex = 0; path = HotelTableViewWithAlamofire.app; sourceTree = BUILT_PRODUCTS_DIR; };
		D0BAF4E72490B7E5001D6E93 /* AppDelegate.swift */ = {isa = PBXFileReference; lastKnownFileType = sourcecode.swift; path = AppDelegate.swift; sourceTree = "<group>"; };
		D0BAF4E92490B7E5001D6E93 /* SceneDelegate.swift */ = {isa = PBXFileReference; lastKnownFileType = sourcecode.swift; path = SceneDelegate.swift; sourceTree = "<group>"; };
		D0BAF4EB2490B7E5001D6E93 /* ViewController.swift */ = {isa = PBXFileReference; lastKnownFileType = sourcecode.swift; path = ViewController.swift; sourceTree = "<group>"; };
		D0BAF4EE2490B7E5001D6E93 /* Base */ = {isa = PBXFileReference; lastKnownFileType = file.storyboard; name = Base; path = Base.lproj/Main.storyboard; sourceTree = "<group>"; };
		D0BAF4F02490B7E6001D6E93 /* Assets.xcassets */ = {isa = PBXFileReference; lastKnownFileType = folder.assetcatalog; path = Assets.xcassets; sourceTree = "<group>"; };
		D0BAF4F32490B7E6001D6E93 /* Base */ = {isa = PBXFileReference; lastKnownFileType = file.storyboard; name = Base; path = Base.lproj/LaunchScreen.storyboard; sourceTree = "<group>"; };
		D0BAF4F52490B7E6001D6E93 /* Info.plist */ = {isa = PBXFileReference; lastKnownFileType = text.plist.xml; path = Info.plist; sourceTree = "<group>"; };
		D0BAF4FA2490B7E6001D6E93 /* HotelTableViewWithAlamofireTests.xctest */ = {isa = PBXFileReference; explicitFileType = wrapper.cfbundle; includeInIndex = 0; path = HotelTableViewWithAlamofireTests.xctest; sourceTree = BUILT_PRODUCTS_DIR; };
		D0BAF4FE2490B7E6001D6E93 /* HotelTableViewWithAlamofireTests.swift */ = {isa = PBXFileReference; lastKnownFileType = sourcecode.swift; path = HotelTableViewWithAlamofireTests.swift; sourceTree = "<group>"; };
		D0BAF5002490B7E6001D6E93 /* Info.plist */ = {isa = PBXFileReference; lastKnownFileType = text.plist.xml; path = Info.plist; sourceTree = "<group>"; };
		D0BAF5052490B7E6001D6E93 /* HotelTableViewWithAlamofireUITests.xctest */ = {isa = PBXFileReference; explicitFileType = wrapper.cfbundle; includeInIndex = 0; path = HotelTableViewWithAlamofireUITests.xctest; sourceTree = BUILT_PRODUCTS_DIR; };
		D0BAF5092490B7E6001D6E93 /* HotelTableViewWithAlamofireUITests.swift */ = {isa = PBXFileReference; lastKnownFileType = sourcecode.swift; path = HotelTableViewWithAlamofireUITests.swift; sourceTree = "<group>"; };
		D0BAF50B2490B7E6001D6E93 /* Info.plist */ = {isa = PBXFileReference; lastKnownFileType = text.plist.xml; path = Info.plist; sourceTree = "<group>"; };
		D0BAF5172490C245001D6E93 /* TableViewCell.swift */ = {isa = PBXFileReference; lastKnownFileType = sourcecode.swift; path = TableViewCell.swift; sourceTree = "<group>"; };
		D0BAF5192490C265001D6E93 /* Model.swift */ = {isa = PBXFileReference; lastKnownFileType = sourcecode.swift; path = Model.swift; sourceTree = "<group>"; };
		D0BD168C249376CA00F73440 /* RegisterUserVC.swift */ = {isa = PBXFileReference; lastKnownFileType = sourcecode.swift; path = RegisterUserVC.swift; sourceTree = "<group>"; };
		D0EF23752491E49B0020CF42 /* ViewDetails.swift */ = {isa = PBXFileReference; lastKnownFileType = sourcecode.swift; path = ViewDetails.swift; sourceTree = "<group>"; };
		D0EF23772492039A0020CF42 /* Map.swift */ = {isa = PBXFileReference; lastKnownFileType = sourcecode.swift; path = Map.swift; sourceTree = "<group>"; };
		D0EF23B7249242010020CF42 /* MapViewController.swift */ = {isa = PBXFileReference; lastKnownFileType = sourcecode.swift; path = MapViewController.swift; sourceTree = "<group>"; };
		D83CEE481BC77F5655E8444E /* Pods-HotelTableViewWithAlamofire-HotelTableViewWithAlamofireUITests.debug.xcconfig */ = {isa = PBXFileReference; includeInIndex = 1; lastKnownFileType = text.xcconfig; name = "Pods-HotelTableViewWithAlamofire-HotelTableViewWithAlamofireUITests.debug.xcconfig"; path = "Target Support Files/Pods-HotelTableViewWithAlamofire-HotelTableViewWithAlamofireUITests/Pods-HotelTableViewWithAlamofire-HotelTableViewWithAlamofireUITests.debug.xcconfig"; sourceTree = "<group>"; };
		DB5F4E560AD4EB89A29E1C7E /* Pods_HotelTableViewWithAlamofire.framework */ = {isa = PBXFileReference; explicitFileType = wrapper.framework; includeInIndex = 0; path = Pods_HotelTableViewWithAlamofire.framework; sourceTree = BUILT_PRODUCTS_DIR; };
		DBC17C064CCF2B07A6A7F0EB /* Pods-HotelTableViewWithAlamofire.release.xcconfig */ = {isa = PBXFileReference; includeInIndex = 1; lastKnownFileType = text.xcconfig; name = "Pods-HotelTableViewWithAlamofire.release.xcconfig"; path = "Target Support Files/Pods-HotelTableViewWithAlamofire/Pods-HotelTableViewWithAlamofire.release.xcconfig"; sourceTree = "<group>"; };
/* End PBXFileReference section */

/* Begin PBXFrameworksBuildPhase section */
		D0BAF4E12490B7E5001D6E93 /* Frameworks */ = {
			isa = PBXFrameworksBuildPhase;
			buildActionMask = 2147483647;
			files = (
				237D8F8F182F3072064848CF /* Pods_HotelTableViewWithAlamofire.framework in Frameworks */,
			);
			runOnlyForDeploymentPostprocessing = 0;
		};
		D0BAF4F72490B7E6001D6E93 /* Frameworks */ = {
			isa = PBXFrameworksBuildPhase;
			buildActionMask = 2147483647;
			files = (
				82A02110DFBE44CCBF602212 /* Pods_HotelTableViewWithAlamofireTests.framework in Frameworks */,
			);
			runOnlyForDeploymentPostprocessing = 0;
		};
		D0BAF5022490B7E6001D6E93 /* Frameworks */ = {
			isa = PBXFrameworksBuildPhase;
			buildActionMask = 2147483647;
			files = (
				9CF2D51857028824CCCFC04A /* Pods_HotelTableViewWithAlamofire_HotelTableViewWithAlamofireUITests.framework in Frameworks */,
			);
			runOnlyForDeploymentPostprocessing = 0;
		};
/* End PBXFrameworksBuildPhase section */

/* Begin PBXGroup section */
		2479B122CD3DFB3F92C73331 /* Pods */ = {
			isa = PBXGroup;
			children = (
				0FE8B0DE10276FFCA241CD4B /* Pods-HotelTableViewWithAlamofire.debug.xcconfig */,
				DBC17C064CCF2B07A6A7F0EB /* Pods-HotelTableViewWithAlamofire.release.xcconfig */,
				D83CEE481BC77F5655E8444E /* Pods-HotelTableViewWithAlamofire-HotelTableViewWithAlamofireUITests.debug.xcconfig */,
				846075807F4B284720B47735 /* Pods-HotelTableViewWithAlamofire-HotelTableViewWithAlamofireUITests.release.xcconfig */,
				4E15AA8943688DA5C75DDB30 /* Pods-HotelTableViewWithAlamofireTests.debug.xcconfig */,
				403F01E12AEDAA9CFC7238D7 /* Pods-HotelTableViewWithAlamofireTests.release.xcconfig */,
			);
			path = Pods;
			sourceTree = "<group>";
		};
		8635392F957655881E4F89DE /* Frameworks */ = {
			isa = PBXGroup;
			children = (
				DB5F4E560AD4EB89A29E1C7E /* Pods_HotelTableViewWithAlamofire.framework */,
				CE7F97A166ED57E407DB9E30 /* Pods_HotelTableViewWithAlamofire_HotelTableViewWithAlamofireUITests.framework */,
				C4969DF5D4A9C253476061D2 /* Pods_HotelTableViewWithAlamofireTests.framework */,
			);
			name = Frameworks;
			sourceTree = "<group>";
		};
		D0026776249355BD0018F12D /* TPKeyboardAvoidingScrollView */ = {
			isa = PBXGroup;
			children = (
				D0026777249355BD0018F12D /* TPKeyboardAvoidingScrollView.h */,
				D0026778249355BD0018F12D /* TPKeyboardAvoidingCollectionView.h */,
				D0026779249355BD0018F12D /* UIScrollView+TPKeyboardAvoidingAdditions.m */,
				D002677A249355BD0018F12D /* TPKeyboardAvoidingTableView.m */,
				D002677B249355BD0018F12D /* TPKeyboardAvoidingScrollView.m */,
				D002677C249355BD0018F12D /* UIScrollView+TPKeyboardAvoidingAdditions.h */,
				D002677D249355BD0018F12D /* TPKeyboardAvoidingCollectionView.m */,
				D002677E249355BD0018F12D /* TPKeyboardAvoidingTableView.h */,
				D002677F249355BD0018F12D /* BarHopper-Bridging-Header.h */,
			);
			path = TPKeyboardAvoidingScrollView;
			sourceTree = "<group>";
		};
		D0BAF4DB2490B7E5001D6E93 = {
			isa = PBXGroup;
			children = (
				D0BAF4E62490B7E5001D6E93 /* HotelTableViewWithAlamofire */,
				D0BAF4FD2490B7E6001D6E93 /* HotelTableViewWithAlamofireTests */,
				D0BAF5082490B7E6001D6E93 /* HotelTableViewWithAlamofireUITests */,
				D0BAF4E52490B7E5001D6E93 /* Products */,
				2479B122CD3DFB3F92C73331 /* Pods */,
				8635392F957655881E4F89DE /* Frameworks */,
			);
			sourceTree = "<group>";
		};
		D0BAF4E52490B7E5001D6E93 /* Products */ = {
			isa = PBXGroup;
			children = (
				D0BAF4E42490B7E5001D6E93 /* HotelTableViewWithAlamofire.app */,
				D0BAF4FA2490B7E6001D6E93 /* HotelTableViewWithAlamofireTests.xctest */,
				D0BAF5052490B7E6001D6E93 /* HotelTableViewWithAlamofireUITests.xctest */,
			);
			name = Products;
			sourceTree = "<group>";
		};
		D0BAF4E62490B7E5001D6E93 /* HotelTableViewWithAlamofire */ = {
			isa = PBXGroup;
			children = (
				D0BAF4E72490B7E5001D6E93 /* AppDelegate.swift */,
				D0BAF4E92490B7E5001D6E93 /* SceneDelegate.swift */,
				D0BAF4EB2490B7E5001D6E93 /* ViewController.swift */,
				D0BAF4ED2490B7E5001D6E93 /* Main.storyboard */,
				D0BD168C249376CA00F73440 /* RegisterUserVC.swift */,
				D0B18A6F24929612001E84CE /* LoginViewController.swift */,
				D0EF23B7249242010020CF42 /* MapViewController.swift */,
				D0EF23752491E49B0020CF42 /* ViewDetails.swift */,
				D0EF23772492039A0020CF42 /* Map.swift */,
				D0026776249355BD0018F12D /* TPKeyboardAvoidingScrollView */,
				D0BAF5192490C265001D6E93 /* Model.swift */,
				D0BAF5172490C245001D6E93 /* TableViewCell.swift */,
				D0BAF4F02490B7E6001D6E93 /* Assets.xcassets */,
				D0BAF4F22490B7E6001D6E93 /* LaunchScreen.storyboard */,
				D0BAF4F52490B7E6001D6E93 /* Info.plist */,
			);
			path = HotelTableViewWithAlamofire;
			sourceTree = "<group>";
		};
		D0BAF4FD2490B7E6001D6E93 /* HotelTableViewWithAlamofireTests */ = {
			isa = PBXGroup;
			children = (
				D0BAF4FE2490B7E6001D6E93 /* HotelTableViewWithAlamofireTests.swift */,
				D0BAF5002490B7E6001D6E93 /* Info.plist */,
			);
			path = HotelTableViewWithAlamofireTests;
			sourceTree = "<group>";
		};
		D0BAF5082490B7E6001D6E93 /* HotelTableViewWithAlamofireUITests */ = {
			isa = PBXGroup;
			children = (
				D0BAF5092490B7E6001D6E93 /* HotelTableViewWithAlamofireUITests.swift */,
				D0BAF50B2490B7E6001D6E93 /* Info.plist */,
			);
			path = HotelTableViewWithAlamofireUITests;
			sourceTree = "<group>";
		};
/* End PBXGroup section */

/* Begin PBXNativeTarget section */
		D0BAF4E32490B7E5001D6E93 /* HotelTableViewWithAlamofire */ = {
			isa = PBXNativeTarget;
			buildConfigurationList = D0BAF50E2490B7E6001D6E93 /* Build configuration list for PBXNativeTarget "HotelTableViewWithAlamofire" */;
			buildPhases = (
				837615976785DBE6CAFE8E97 /* [CP] Check Pods Manifest.lock */,
				D0BAF4E02490B7E5001D6E93 /* Sources */,
				D0BAF4E12490B7E5001D6E93 /* Frameworks */,
				D0BAF4E22490B7E5001D6E93 /* Resources */,
				F4231B4832A328782C572F7F /* [CP] Embed Pods Frameworks */,
				152E99CE61B7E796EC389D4F /* [CP] Copy Pods Resources */,
			);
			buildRules = (
			);
			dependencies = (
			);
			name = HotelTableViewWithAlamofire;
			productName = HotelTableViewWithAlamofire;
			productReference = D0BAF4E42490B7E5001D6E93 /* HotelTableViewWithAlamofire.app */;
			productType = "com.apple.product-type.application";
		};
		D0BAF4F92490B7E6001D6E93 /* HotelTableViewWithAlamofireTests */ = {
			isa = PBXNativeTarget;
			buildConfigurationList = D0BAF5112490B7E6001D6E93 /* Build configuration list for PBXNativeTarget "HotelTableViewWithAlamofireTests" */;
			buildPhases = (
				2B57963143BB4C48734A425C /* [CP] Check Pods Manifest.lock */,
				D0BAF4F62490B7E6001D6E93 /* Sources */,
				D0BAF4F72490B7E6001D6E93 /* Frameworks */,
				D0BAF4F82490B7E6001D6E93 /* Resources */,
			);
			buildRules = (
			);
			dependencies = (
				D0BAF4FC2490B7E6001D6E93 /* PBXTargetDependency */,
			);
			name = HotelTableViewWithAlamofireTests;
			productName = HotelTableViewWithAlamofireTests;
			productReference = D0BAF4FA2490B7E6001D6E93 /* HotelTableViewWithAlamofireTests.xctest */;
			productType = "com.apple.product-type.bundle.unit-test";
		};
		D0BAF5042490B7E6001D6E93 /* HotelTableViewWithAlamofireUITests */ = {
			isa = PBXNativeTarget;
			buildConfigurationList = D0BAF5142490B7E6001D6E93 /* Build configuration list for PBXNativeTarget "HotelTableViewWithAlamofireUITests" */;
			buildPhases = (
				7140604CEF07F70BBDDCAB99 /* [CP] Check Pods Manifest.lock */,
				D0BAF5012490B7E6001D6E93 /* Sources */,
				D0BAF5022490B7E6001D6E93 /* Frameworks */,
				D0BAF5032490B7E6001D6E93 /* Resources */,
				DEED5D28850A2AA17FD7936B /* [CP] Embed Pods Frameworks */,
				2F35F247E0F83F6DE3F7F560 /* [CP] Copy Pods Resources */,
			);
			buildRules = (
			);
			dependencies = (
				D0BAF5072490B7E6001D6E93 /* PBXTargetDependency */,
			);
			name = HotelTableViewWithAlamofireUITests;
			productName = HotelTableViewWithAlamofireUITests;
			productReference = D0BAF5052490B7E6001D6E93 /* HotelTableViewWithAlamofireUITests.xctest */;
			productType = "com.apple.product-type.bundle.ui-testing";
		};
/* End PBXNativeTarget section */

/* Begin PBXProject section */
		D0BAF4DC2490B7E5001D6E93 /* Project object */ = {
			isa = PBXProject;
			attributes = {
				LastSwiftUpdateCheck = 1150;
				LastUpgradeCheck = 1150;
				ORGANIZATIONNAME = "Sathsara Maduranga";
				TargetAttributes = {
					D0BAF4E32490B7E5001D6E93 = {
						CreatedOnToolsVersion = 11.5;
					};
					D0BAF4F92490B7E6001D6E93 = {
						CreatedOnToolsVersion = 11.5;
						TestTargetID = D0BAF4E32490B7E5001D6E93;
					};
					D0BAF5042490B7E6001D6E93 = {
						CreatedOnToolsVersion = 11.5;
						TestTargetID = D0BAF4E32490B7E5001D6E93;
					};
				};
			};
			buildConfigurationList = D0BAF4DF2490B7E5001D6E93 /* Build configuration list for PBXProject "HotelTableViewWithAlamofire" */;
			compatibilityVersion = "Xcode 9.3";
			developmentRegion = en;
			hasScannedForEncodings = 0;
			knownRegions = (
				en,
				Base,
			);
			mainGroup = D0BAF4DB2490B7E5001D6E93;
			productRefGroup = D0BAF4E52490B7E5001D6E93 /* Products */;
			projectDirPath = "";
			projectRoot = "";
			targets = (
				D0BAF4E32490B7E5001D6E93 /* HotelTableViewWithAlamofire */,
				D0BAF4F92490B7E6001D6E93 /* HotelTableViewWithAlamofireTests */,
				D0BAF5042490B7E6001D6E93 /* HotelTableViewWithAlamofireUITests */,
			);
		};
/* End PBXProject section */

/* Begin PBXResourcesBuildPhase section */
		D0BAF4E22490B7E5001D6E93 /* Resources */ = {
			isa = PBXResourcesBuildPhase;
			buildActionMask = 2147483647;
			files = (
				D0BAF4F42490B7E6001D6E93 /* LaunchScreen.storyboard in Resources */,
				D0BAF4F12490B7E6001D6E93 /* Assets.xcassets in Resources */,
				D0BAF4EF2490B7E5001D6E93 /* Main.storyboard in Resources */,
			);
			runOnlyForDeploymentPostprocessing = 0;
		};
		D0BAF4F82490B7E6001D6E93 /* Resources */ = {
			isa = PBXResourcesBuildPhase;
			buildActionMask = 2147483647;
			files = (
			);
			runOnlyForDeploymentPostprocessing = 0;
		};
		D0BAF5032490B7E6001D6E93 /* Resources */ = {
			isa = PBXResourcesBuildPhase;
			buildActionMask = 2147483647;
			files = (
			);
			runOnlyForDeploymentPostprocessing = 0;
		};
/* End PBXResourcesBuildPhase section */

/* Begin PBXShellScriptBuildPhase section */
		152E99CE61B7E796EC389D4F /* [CP] Copy Pods Resources */ = {
			isa = PBXShellScriptBuildPhase;
			buildActionMask = 2147483647;
			files = (
			);
			inputFileListPaths = (
				"${PODS_ROOT}/Target Support Files/Pods-HotelTableViewWithAlamofire/Pods-HotelTableViewWithAlamofire-resources-${CONFIGURATION}-input-files.xcfilelist",
			);
			name = "[CP] Copy Pods Resources";
			outputFileListPaths = (
				"${PODS_ROOT}/Target Support Files/Pods-HotelTableViewWithAlamofire/Pods-HotelTableViewWithAlamofire-resources-${CONFIGURATION}-output-files.xcfilelist",
			);
			runOnlyForDeploymentPostprocessing = 0;
			shellPath = /bin/sh;
			shellScript = "\"${PODS_ROOT}/Target Support Files/Pods-HotelTableViewWithAlamofire/Pods-HotelTableViewWithAlamofire-resources.sh\"\n";
			showEnvVarsInLog = 0;
		};
		2B57963143BB4C48734A425C /* [CP] Check Pods Manifest.lock */ = {
			isa = PBXShellScriptBuildPhase;
			buildActionMask = 2147483647;
			files = (
			);
			inputFileListPaths = (
			);
			inputPaths = (
				"${PODS_PODFILE_DIR_PATH}/Podfile.lock",
				"${PODS_ROOT}/Manifest.lock",
			);
			name = "[CP] Check Pods Manifest.lock";
			outputFileListPaths = (
			);
			outputPaths = (
				"$(DERIVED_FILE_DIR)/Pods-HotelTableViewWithAlamofireTests-checkManifestLockResult.txt",
			);
			runOnlyForDeploymentPostprocessing = 0;
			shellPath = /bin/sh;
			shellScript = "diff \"${PODS_PODFILE_DIR_PATH}/Podfile.lock\" \"${PODS_ROOT}/Manifest.lock\" > /dev/null\nif [ $? != 0 ] ; then\n    # print error to STDERR\n    echo \"error: The sandbox is not in sync with the Podfile.lock. Run 'pod install' or update your CocoaPods installation.\" >&2\n    exit 1\nfi\n# This output is used by Xcode 'outputs' to avoid re-running this script phase.\necho \"SUCCESS\" > \"${SCRIPT_OUTPUT_FILE_0}\"\n";
			showEnvVarsInLog = 0;
		};
		2F35F247E0F83F6DE3F7F560 /* [CP] Copy Pods Resources */ = {
			isa = PBXShellScriptBuildPhase;
			buildActionMask = 2147483647;
			files = (
			);
			inputFileListPaths = (
				"${PODS_ROOT}/Target Support Files/Pods-HotelTableViewWithAlamofire-HotelTableViewWithAlamofireUITests/Pods-HotelTableViewWithAlamofire-HotelTableViewWithAlamofireUITests-resources-${CONFIGURATION}-input-files.xcfilelist",
			);
			name = "[CP] Copy Pods Resources";
			outputFileListPaths = (
				"${PODS_ROOT}/Target Support Files/Pods-HotelTableViewWithAlamofire-HotelTableViewWithAlamofireUITests/Pods-HotelTableViewWithAlamofire-HotelTableViewWithAlamofireUITests-resources-${CONFIGURATION}-output-files.xcfilelist",
			);
			runOnlyForDeploymentPostprocessing = 0;
			shellPath = /bin/sh;
			shellScript = "\"${PODS_ROOT}/Target Support Files/Pods-HotelTableViewWithAlamofire-HotelTableViewWithAlamofireUITests/Pods-HotelTableViewWithAlamofire-HotelTableViewWithAlamofireUITests-resources.sh\"\n";
			showEnvVarsInLog = 0;
		};
		7140604CEF07F70BBDDCAB99 /* [CP] Check Pods Manifest.lock */ = {
			isa = PBXShellScriptBuildPhase;
			buildActionMask = 2147483647;
			files = (
			);
			inputFileListPaths = (
			);
			inputPaths = (
				"${PODS_PODFILE_DIR_PATH}/Podfile.lock",
				"${PODS_ROOT}/Manifest.lock",
			);
			name = "[CP] Check Pods Manifest.lock";
			outputFileListPaths = (
			);
			outputPaths = (
				"$(DERIVED_FILE_DIR)/Pods-HotelTableViewWithAlamofire-HotelTableViewWithAlamofireUITests-checkManifestLockResult.txt",
			);
			runOnlyForDeploymentPostprocessing = 0;
			shellPath = /bin/sh;
			shellScript = "diff \"${PODS_PODFILE_DIR_PATH}/Podfile.lock\" \"${PODS_ROOT}/Manifest.lock\" > /dev/null\nif [ $? != 0 ] ; then\n    # print error to STDERR\n    echo \"error: The sandbox is not in sync with the Podfile.lock. Run 'pod install' or update your CocoaPods installation.\" >&2\n    exit 1\nfi\n# This output is used by Xcode 'outputs' to avoid re-running this script phase.\necho \"SUCCESS\" > \"${SCRIPT_OUTPUT_FILE_0}\"\n";
			showEnvVarsInLog = 0;
		};
		837615976785DBE6CAFE8E97 /* [CP] Check Pods Manifest.lock */ = {
			isa = PBXShellScriptBuildPhase;
			buildActionMask = 2147483647;
			files = (
			);
			inputFileListPaths = (
			);
			inputPaths = (
				"${PODS_PODFILE_DIR_PATH}/Podfile.lock",
				"${PODS_ROOT}/Manifest.lock",
			);
			name = "[CP] Check Pods Manifest.lock";
			outputFileListPaths = (
			);
			outputPaths = (
				"$(DERIVED_FILE_DIR)/Pods-HotelTableViewWithAlamofire-checkManifestLockResult.txt",
			);
			runOnlyForDeploymentPostprocessing = 0;
			shellPath = /bin/sh;
			shellScript = "diff \"${PODS_PODFILE_DIR_PATH}/Podfile.lock\" \"${PODS_ROOT}/Manifest.lock\" > /dev/null\nif [ $? != 0 ] ; then\n    # print error to STDERR\n    echo \"error: The sandbox is not in sync with the Podfile.lock. Run 'pod install' or update your CocoaPods installation.\" >&2\n    exit 1\nfi\n# This output is used by Xcode 'outputs' to avoid re-running this script phase.\necho \"SUCCESS\" > \"${SCRIPT_OUTPUT_FILE_0}\"\n";
			showEnvVarsInLog = 0;
		};
		DEED5D28850A2AA17FD7936B /* [CP] Embed Pods Frameworks */ = {
			isa = PBXShellScriptBuildPhase;
			buildActionMask = 2147483647;
			files = (
			);
			inputFileListPaths = (
				"${PODS_ROOT}/Target Support Files/Pods-HotelTableViewWithAlamofire-HotelTableViewWithAlamofireUITests/Pods-HotelTableViewWithAlamofire-HotelTableViewWithAlamofireUITests-frameworks-${CONFIGURATION}-input-files.xcfilelist",
			);
			name = "[CP] Embed Pods Frameworks";
			outputFileListPaths = (
				"${PODS_ROOT}/Target Support Files/Pods-HotelTableViewWithAlamofire-HotelTableViewWithAlamofireUITests/Pods-HotelTableViewWithAlamofire-HotelTableViewWithAlamofireUITests-frameworks-${CONFIGURATION}-output-files.xcfilelist",
			);
			runOnlyForDeploymentPostprocessing = 0;
			shellPath = /bin/sh;
			shellScript = "\"${PODS_ROOT}/Target Support Files/Pods-HotelTableViewWithAlamofire-HotelTableViewWithAlamofireUITests/Pods-HotelTableViewWithAlamofire-HotelTableViewWithAlamofireUITests-frameworks.sh\"\n";
			showEnvVarsInLog = 0;
		};
		F4231B4832A328782C572F7F /* [CP] Embed Pods Frameworks */ = {
			isa = PBXShellScriptBuildPhase;
			buildActionMask = 2147483647;
			files = (
			);
			inputFileListPaths = (
				"${PODS_ROOT}/Target Support Files/Pods-HotelTableViewWithAlamofire/Pods-HotelTableViewWithAlamofire-frameworks-${CONFIGURATION}-input-files.xcfilelist",
			);
			name = "[CP] Embed Pods Frameworks";
			outputFileListPaths = (
				"${PODS_ROOT}/Target Support Files/Pods-HotelTableViewWithAlamofire/Pods-HotelTableViewWithAlamofire-frameworks-${CONFIGURATION}-output-files.xcfilelist",
			);
			runOnlyForDeploymentPostprocessing = 0;
			shellPath = /bin/sh;
			shellScript = "\"${PODS_ROOT}/Target Support Files/Pods-HotelTableViewWithAlamofire/Pods-HotelTableViewWithAlamofire-frameworks.sh\"\n";
			showEnvVarsInLog = 0;
		};
/* End PBXShellScriptBuildPhase section */

/* Begin PBXSourcesBuildPhase section */
		D0BAF4E02490B7E5001D6E93 /* Sources */ = {
			isa = PBXSourcesBuildPhase;
			buildActionMask = 2147483647;
			files = (
				D0B18A7024929612001E84CE /* LoginViewController.swift in Sources */,
				D0BAF51A2490C265001D6E93 /* Model.swift in Sources */,
				D0BAF4EC2490B7E5001D6E93 /* ViewController.swift in Sources */,
				D0BAF5182490C245001D6E93 /* TableViewCell.swift in Sources */,
				D0EF23782492039A0020CF42 /* Map.swift in Sources */,
				D0BAF4E82490B7E5001D6E93 /* AppDelegate.swift in Sources */,
				D0BD168D249376CA00F73440 /* RegisterUserVC.swift in Sources */,
				D0BAF4EA2490B7E5001D6E93 /* SceneDelegate.swift in Sources */,
				D0EF23762491E49B0020CF42 /* ViewDetails.swift in Sources */,
				D0026781249355BD0018F12D /* TPKeyboardAvoidingTableView.m in Sources */,
				D0026782249355BD0018F12D /* TPKeyboardAvoidingScrollView.m in Sources */,
				D0EF23B8249242010020CF42 /* MapViewController.swift in Sources */,
				D0026783249355BD0018F12D /* TPKeyboardAvoidingCollectionView.m in Sources */,
				D0026780249355BD0018F12D /* UIScrollView+TPKeyboardAvoidingAdditions.m in Sources */,
			);
			runOnlyForDeploymentPostprocessing = 0;
		};
		D0BAF4F62490B7E6001D6E93 /* Sources */ = {
			isa = PBXSourcesBuildPhase;
			buildActionMask = 2147483647;
			files = (
				D0BAF4FF2490B7E6001D6E93 /* HotelTableViewWithAlamofireTests.swift in Sources */,
			);
			runOnlyForDeploymentPostprocessing = 0;
		};
		D0BAF5012490B7E6001D6E93 /* Sources */ = {
			isa = PBXSourcesBuildPhase;
			buildActionMask = 2147483647;
			files = (
				D0BAF50A2490B7E6001D6E93 /* HotelTableViewWithAlamofireUITests.swift in Sources */,
			);
			runOnlyForDeploymentPostprocessing = 0;
		};
/* End PBXSourcesBuildPhase section */

/* Begin PBXTargetDependency section */
		D0BAF4FC2490B7E6001D6E93 /* PBXTargetDependency */ = {
			isa = PBXTargetDependency;
			target = D0BAF4E32490B7E5001D6E93 /* HotelTableViewWithAlamofire */;
			targetProxy = D0BAF4FB2490B7E6001D6E93 /* PBXContainerItemProxy */;
		};
		D0BAF5072490B7E6001D6E93 /* PBXTargetDependency */ = {
			isa = PBXTargetDependency;
			target = D0BAF4E32490B7E5001D6E93 /* HotelTableViewWithAlamofire */;
			targetProxy = D0BAF5062490B7E6001D6E93 /* PBXContainerItemProxy */;
		};
/* End PBXTargetDependency section */

/* Begin PBXVariantGroup section */
		D0BAF4ED2490B7E5001D6E93 /* Main.storyboard */ = {
			isa = PBXVariantGroup;
			children = (
				D0BAF4EE2490B7E5001D6E93 /* Base */,
			);
			name = Main.storyboard;
			sourceTree = "<group>";
		};
		D0BAF4F22490B7E6001D6E93 /* LaunchScreen.storyboard */ = {
			isa = PBXVariantGroup;
			children = (
				D0BAF4F32490B7E6001D6E93 /* Base */,
			);
			name = LaunchScreen.storyboard;
			sourceTree = "<group>";
		};
/* End PBXVariantGroup section */

/* Begin XCBuildConfiguration section */
		D0BAF50C2490B7E6001D6E93 /* Debug */ = {
			isa = XCBuildConfiguration;
			buildSettings = {
				ALWAYS_SEARCH_USER_PATHS = NO;
				CLANG_ANALYZER_NONNULL = YES;
				CLANG_ANALYZER_NUMBER_OBJECT_CONVERSION = YES_AGGRESSIVE;
				CLANG_CXX_LANGUAGE_STANDARD = "gnu++14";
				CLANG_CXX_LIBRARY = "libc++";
				CLANG_ENABLE_MODULES = YES;
				CLANG_ENABLE_OBJC_ARC = YES;
				CLANG_ENABLE_OBJC_WEAK = YES;
				CLANG_WARN_BLOCK_CAPTURE_AUTORELEASING = YES;
				CLANG_WARN_BOOL_CONVERSION = YES;
				CLANG_WARN_COMMA = YES;
				CLANG_WARN_CONSTANT_CONVERSION = YES;
				CLANG_WARN_DEPRECATED_OBJC_IMPLEMENTATIONS = YES;
				CLANG_WARN_DIRECT_OBJC_ISA_USAGE = YES_ERROR;
				CLANG_WARN_DOCUMENTATION_COMMENTS = YES;
				CLANG_WARN_EMPTY_BODY = YES;
				CLANG_WARN_ENUM_CONVERSION = YES;
				CLANG_WARN_INFINITE_RECURSION = YES;
				CLANG_WARN_INT_CONVERSION = YES;
				CLANG_WARN_NON_LITERAL_NULL_CONVERSION = YES;
				CLANG_WARN_OBJC_IMPLICIT_RETAIN_SELF = YES;
				CLANG_WARN_OBJC_LITERAL_CONVERSION = YES;
				CLANG_WARN_OBJC_ROOT_CLASS = YES_ERROR;
				CLANG_WARN_RANGE_LOOP_ANALYSIS = YES;
				CLANG_WARN_STRICT_PROTOTYPES = YES;
				CLANG_WARN_SUSPICIOUS_MOVE = YES;
				CLANG_WARN_UNGUARDED_AVAILABILITY = YES_AGGRESSIVE;
				CLANG_WARN_UNREACHABLE_CODE = YES;
				CLANG_WARN__DUPLICATE_METHOD_MATCH = YES;
				COPY_PHASE_STRIP = NO;
				DEBUG_INFORMATION_FORMAT = dwarf;
				ENABLE_STRICT_OBJC_MSGSEND = YES;
				ENABLE_TESTABILITY = YES;
				GCC_C_LANGUAGE_STANDARD = gnu11;
				GCC_DYNAMIC_NO_PIC = NO;
				GCC_NO_COMMON_BLOCKS = YES;
				GCC_OPTIMIZATION_LEVEL = 0;
				GCC_PREPROCESSOR_DEFINITIONS = (
					"DEBUG=1",
					"$(inherited)",
				);
				GCC_WARN_64_TO_32_BIT_CONVERSION = YES;
				GCC_WARN_ABOUT_RETURN_TYPE = YES_ERROR;
				GCC_WARN_UNDECLARED_SELECTOR = YES;
				GCC_WARN_UNINITIALIZED_AUTOS = YES_AGGRESSIVE;
				GCC_WARN_UNUSED_FUNCTION = YES;
				GCC_WARN_UNUSED_VARIABLE = YES;
				IPHONEOS_DEPLOYMENT_TARGET = 13.5;
				MTL_ENABLE_DEBUG_INFO = INCLUDE_SOURCE;
				MTL_FAST_MATH = YES;
				ONLY_ACTIVE_ARCH = YES;
				SDKROOT = iphoneos;
				SWIFT_ACTIVE_COMPILATION_CONDITIONS = DEBUG;
				SWIFT_OPTIMIZATION_LEVEL = "-Onone";
			};
			name = Debug;
		};
		D0BAF50D2490B7E6001D6E93 /* Release */ = {
			isa = XCBuildConfiguration;
			buildSettings = {
				ALWAYS_SEARCH_USER_PATHS = NO;
				CLANG_ANALYZER_NONNULL = YES;
				CLANG_ANALYZER_NUMBER_OBJECT_CONVERSION = YES_AGGRESSIVE;
				CLANG_CXX_LANGUAGE_STANDARD = "gnu++14";
				CLANG_CXX_LIBRARY = "libc++";
				CLANG_ENABLE_MODULES = YES;
				CLANG_ENABLE_OBJC_ARC = YES;
				CLANG_ENABLE_OBJC_WEAK = YES;
				CLANG_WARN_BLOCK_CAPTURE_AUTORELEASING = YES;
				CLANG_WARN_BOOL_CONVERSION = YES;
				CLANG_WARN_COMMA = YES;
				CLANG_WARN_CONSTANT_CONVERSION = YES;
				CLANG_WARN_DEPRECATED_OBJC_IMPLEMENTATIONS = YES;
				CLANG_WARN_DIRECT_OBJC_ISA_USAGE = YES_ERROR;
				CLANG_WARN_DOCUMENTATION_COMMENTS = YES;
				CLANG_WARN_EMPTY_BODY = YES;
				CLANG_WARN_ENUM_CONVERSION = YES;
				CLANG_WARN_INFINITE_RECURSION = YES;
				CLANG_WARN_INT_CONVERSION = YES;
				CLANG_WARN_NON_LITERAL_NULL_CONVERSION = YES;
				CLANG_WARN_OBJC_IMPLICIT_RETAIN_SELF = YES;
				CLANG_WARN_OBJC_LITERAL_CONVERSION = YES;
				CLANG_WARN_OBJC_ROOT_CLASS = YES_ERROR;
				CLANG_WARN_RANGE_LOOP_ANALYSIS = YES;
				CLANG_WARN_STRICT_PROTOTYPES = YES;
				CLANG_WARN_SUSPICIOUS_MOVE = YES;
				CLANG_WARN_UNGUARDED_AVAILABILITY = YES_AGGRESSIVE;
				CLANG_WARN_UNREACHABLE_CODE = YES;
				CLANG_WARN__DUPLICATE_METHOD_MATCH = YES;
				COPY_PHASE_STRIP = NO;
				DEBUG_INFORMATION_FORMAT = "dwarf-with-dsym";
				ENABLE_NS_ASSERTIONS = NO;
				ENABLE_STRICT_OBJC_MSGSEND = YES;
				GCC_C_LANGUAGE_STANDARD = gnu11;
				GCC_NO_COMMON_BLOCKS = YES;
				GCC_WARN_64_TO_32_BIT_CONVERSION = YES;
				GCC_WARN_ABOUT_RETURN_TYPE = YES_ERROR;
				GCC_WARN_UNDECLARED_SELECTOR = YES;
				GCC_WARN_UNINITIALIZED_AUTOS = YES_AGGRESSIVE;
				GCC_WARN_UNUSED_FUNCTION = YES;
				GCC_WARN_UNUSED_VARIABLE = YES;
				IPHONEOS_DEPLOYMENT_TARGET = 13.5;
				MTL_ENABLE_DEBUG_INFO = NO;
				MTL_FAST_MATH = YES;
				SDKROOT = iphoneos;
				SWIFT_COMPILATION_MODE = wholemodule;
				SWIFT_OPTIMIZATION_LEVEL = "-O";
				VALIDATE_PRODUCT = YES;
			};
			name = Release;
		};
		D0BAF50F2490B7E6001D6E93 /* Debug */ = {
			isa = XCBuildConfiguration;
			baseConfigurationReference = 0FE8B0DE10276FFCA241CD4B /* Pods-HotelTableViewWithAlamofire.debug.xcconfig */;
			buildSettings = {
				ASSETCATALOG_COMPILER_APPICON_NAME = AppIcon;
				CODE_SIGN_STYLE = Automatic;
				INFOPLIST_FILE = HotelTableViewWithAlamofire/Info.plist;
				LD_RUNPATH_SEARCH_PATHS = (
					"$(inherited)",
					"@executable_path/Frameworks",
				);
				PRODUCT_BUNDLE_IDENTIFIER = com.emedia.HotelTableViewWithAlamofire;
				PRODUCT_NAME = "$(TARGET_NAME)";
				SWIFT_VERSION = 5.0;
				TARGETED_DEVICE_FAMILY = "1,2";
			};
			name = Debug;
		};
		D0BAF5102490B7E6001D6E93 /* Release */ = {
			isa = XCBuildConfiguration;
			baseConfigurationReference = DBC17C064CCF2B07A6A7F0EB /* Pods-HotelTableViewWithAlamofire.release.xcconfig */;
			buildSettings = {
				ASSETCATALOG_COMPILER_APPICON_NAME = AppIcon;
				CODE_SIGN_STYLE = Automatic;
				INFOPLIST_FILE = HotelTableViewWithAlamofire/Info.plist;
				LD_RUNPATH_SEARCH_PATHS = (
					"$(inherited)",
					"@executable_path/Frameworks",
				);
				PRODUCT_BUNDLE_IDENTIFIER = com.emedia.HotelTableViewWithAlamofire;
				PRODUCT_NAME = "$(TARGET_NAME)";
				SWIFT_VERSION = 5.0;
				TARGETED_DEVICE_FAMILY = "1,2";
			};
			name = Release;
		};
		D0BAF5122490B7E6001D6E93 /* Debug */ = {
			isa = XCBuildConfiguration;
			baseConfigurationReference = 4E15AA8943688DA5C75DDB30 /* Pods-HotelTableViewWithAlamofireTests.debug.xcconfig */;
			buildSettings = {
				ALWAYS_EMBED_SWIFT_STANDARD_LIBRARIES = YES;
				BUNDLE_LOADER = "$(TEST_HOST)";
				CODE_SIGN_STYLE = Automatic;
				INFOPLIST_FILE = HotelTableViewWithAlamofireTests/Info.plist;
				IPHONEOS_DEPLOYMENT_TARGET = 13.5;
				LD_RUNPATH_SEARCH_PATHS = (
					"$(inherited)",
					"@executable_path/Frameworks",
					"@loader_path/Frameworks",
				);
				PRODUCT_BUNDLE_IDENTIFIER = com.emedia.HotelTableViewWithAlamofireTests;
				PRODUCT_NAME = "$(TARGET_NAME)";
				SWIFT_VERSION = 5.0;
				TARGETED_DEVICE_FAMILY = "1,2";
				TEST_HOST = "$(BUILT_PRODUCTS_DIR)/HotelTableViewWithAlamofire.app/HotelTableViewWithAlamofire";
			};
			name = Debug;
		};
		D0BAF5132490B7E6001D6E93 /* Release */ = {
			isa = XCBuildConfiguration;
			baseConfigurationReference = 403F01E12AEDAA9CFC7238D7 /* Pods-HotelTableViewWithAlamofireTests.release.xcconfig */;
			buildSettings = {
				ALWAYS_EMBED_SWIFT_STANDARD_LIBRARIES = YES;
				BUNDLE_LOADER = "$(TEST_HOST)";
				CODE_SIGN_STYLE = Automatic;
				INFOPLIST_FILE = HotelTableViewWithAlamofireTests/Info.plist;
				IPHONEOS_DEPLOYMENT_TARGET = 13.5;
				LD_RUNPATH_SEARCH_PATHS = (
					"$(inherited)",
					"@executable_path/Frameworks",
					"@loader_path/Frameworks",
				);
				PRODUCT_BUNDLE_IDENTIFIER = com.emedia.HotelTableViewWithAlamofireTests;
				PRODUCT_NAME = "$(TARGET_NAME)";
				SWIFT_VERSION = 5.0;
				TARGETED_DEVICE_FAMILY = "1,2";
				TEST_HOST = "$(BUILT_PRODUCTS_DIR)/HotelTableViewWithAlamofire.app/HotelTableViewWithAlamofire";
			};
			name = Release;
		};
		D0BAF5152490B7E6001D6E93 /* Debug */ = {
			isa = XCBuildConfiguration;
			baseConfigurationReference = D83CEE481BC77F5655E8444E /* Pods-HotelTableViewWithAlamofire-HotelTableViewWithAlamofireUITests.debug.xcconfig */;
			buildSettings = {
				ALWAYS_EMBED_SWIFT_STANDARD_LIBRARIES = YES;
				CODE_SIGN_STYLE = Automatic;
				INFOPLIST_FILE = HotelTableViewWithAlamofireUITests/Info.plist;
				LD_RUNPATH_SEARCH_PATHS = (
					"$(inherited)",
					"@executable_path/Frameworks",
					"@loader_path/Frameworks",
				);
				PRODUCT_BUNDLE_IDENTIFIER = com.emedia.HotelTableViewWithAlamofireUITests;
				PRODUCT_NAME = "$(TARGET_NAME)";
				SWIFT_VERSION = 5.0;
				TARGETED_DEVICE_FAMILY = "1,2";
				TEST_TARGET_NAME = HotelTableViewWithAlamofire;
			};
			name = Debug;
		};
		D0BAF5162490B7E6001D6E93 /* Release */ = {
			isa = XCBuildConfiguration;
			baseConfigurationReference = 846075807F4B284720B47735 /* Pods-HotelTableViewWithAlamofire-HotelTableViewWithAlamofireUITests.release.xcconfig */;
			buildSettings = {
				ALWAYS_EMBED_SWIFT_STANDARD_LIBRARIES = YES;
				CODE_SIGN_STYLE = Automatic;
				INFOPLIST_FILE = HotelTableViewWithAlamofireUITests/Info.plist;
				LD_RUNPATH_SEARCH_PATHS = (
					"$(inherited)",
					"@executable_path/Frameworks",
					"@loader_path/Frameworks",
				);
				PRODUCT_BUNDLE_IDENTIFIER = com.emedia.HotelTableViewWithAlamofireUITests;
				PRODUCT_NAME = "$(TARGET_NAME)";
				SWIFT_VERSION = 5.0;
				TARGETED_DEVICE_FAMILY = "1,2";
				TEST_TARGET_NAME = HotelTableViewWithAlamofire;
			};
			name = Release;
		};
/* End XCBuildConfiguration section */

/* Begin XCConfigurationList section */
		D0BAF4DF2490B7E5001D6E93 /* Build configuration list for PBXProject "HotelTableViewWithAlamofire" */ = {
			isa = XCConfigurationList;
			buildConfigurations = (
				D0BAF50C2490B7E6001D6E93 /* Debug */,
				D0BAF50D2490B7E6001D6E93 /* Release */,
			);
			defaultConfigurationIsVisible = 0;
			defaultConfigurationName = Release;
		};
		D0BAF50E2490B7E6001D6E93 /* Build configuration list for PBXNativeTarget "HotelTableViewWithAlamofire" */ = {
			isa = XCConfigurationList;
			buildConfigurations = (
				D0BAF50F2490B7E6001D6E93 /* Debug */,
				D0BAF5102490B7E6001D6E93 /* Release */,
			);
			defaultConfigurationIsVisible = 0;
			defaultConfigurationName = Release;
		};
		D0BAF5112490B7E6001D6E93 /* Build configuration list for PBXNativeTarget "HotelTableViewWithAlamofireTests" */ = {
			isa = XCConfigurationList;
			buildConfigurations = (
				D0BAF5122490B7E6001D6E93 /* Debug */,
				D0BAF5132490B7E6001D6E93 /* Release */,
			);
			defaultConfigurationIsVisible = 0;
			defaultConfigurationName = Release;
		};
		D0BAF5142490B7E6001D6E93 /* Build configuration list for PBXNativeTarget "HotelTableViewWithAlamofireUITests" */ = {
			isa = XCConfigurationList;
			buildConfigurations = (
				D0BAF5152490B7E6001D6E93 /* Debug */,
				D0BAF5162490B7E6001D6E93 /* Release */,
			);
			defaultConfigurationIsVisible = 0;
			defaultConfigurationName = Release;
		};
/* End XCConfigurationList section */
	};
	rootObject = D0BAF4DC2490B7E5001D6E93 /* Project object */;
}
